
Microsoft Visual Studio Solution File, Format Version 12.00
# Visual Studio Version 17
VisualStudioVersion = 17.11.35327.3
MinimumVisualStudioVersion = 10.0.40219.1
Project("{8BC9CEB8-8B4A-11D0-8D11-00A0C91BC942}") = "OriginalServer", "Server\Server.vcxproj", "{CD294599-5C4F-479B-9788-EE22A7BE999B}"
EndProject
Project("{8BC9CEB8-8B4A-11D0-8D11-00A0C91BC942}") = "Client", "Client\Client.vcxproj", "{B8C9A9A4-BC80-49DB-8B24-BA9897A9A540}"
EndProject
Project("{8BC9CEB8-8B4A-11D0-8D11-00A0C91BC942}") = "CopyServer", "CopyServer\CopyServer.vcxproj", "{54A3153A-FABF-4FD8-B9C6-6114FCD2A3F4}"
EndProject
Project("{8BC9CEB8-8B4A-11D0-8D11-00A0C91BC942}") = "Process", "Process\Process.vcxproj", "{2F977374-9E31-4F31-B78B-DEA7961B6FE5}"
EndProject
Global
	GlobalSection(SolutionConfigurationPlatforms) = preSolution
		Debug|x64 = Debug|x64
		Debug|x86 = Debug|x86
		Release|x64 = Release|x64
		Release|x86 = Release|x86
	EndGlobalSection
	GlobalSection(ProjectConfigurationPlatforms) = postSolution
		{CD294599-5C4F-479B-9788-EE22A7BE999B}.Debug|x64.ActiveCfg = Debug|x64
		{CD294599-5C4F-479B-9788-EE22A7BE999B}.Debug|x64.Build.0 = Debug|x64
		{CD294599-5C4F-479B-9788-EE22A7BE999B}.Debug|x86.ActiveCfg = Debug|Win32
		{CD294599-5C4F-479B-9788-EE22A7BE999B}.Debug|x86.Build.0 = Debug|Win32
		{CD294599-5C4F-479B-9788-EE22A7BE999B}.Release|x64.ActiveCfg = Release|x64
		{CD294599-5C4F-479B-9788-EE22A7BE999B}.Release|x64.Build.0 = Release|x64
		{CD294599-5C4F-479B-9788-EE22A7BE999B}.Release|x86.ActiveCfg = Release|Win32
		{CD294599-5C4F-479B-9788-EE22A7BE999B}.Release|x86.Build.0 = Release|Win32
		{B8C9A9A4-BC80-49DB-8B24-BA9897A9A540}.Debug|x64.ActiveCfg = Debug|x64
		{B8C9A9A4-BC80-49DB-8B24-BA9897A9A540}.Debug|x64.Build.0 = Debug|x64
		{B8C9A9A4-BC80-49DB-8B24-BA9897A9A540}.Debug|x86.ActiveCfg = Debug|Win32
		{B8C9A9A4-BC80-49DB-8B24-BA9897A9A540}.Debug|x86.Build.0 = Debug|Win32
		{B8C9A9A4-BC80-49DB-8B24-BA9897A9A540}.Release|x64.ActiveCfg = Release|x64
		{B8C9A9A4-BC80-49DB-8B24-BA9897A9A540}.Release|x64.Build.0 = Release|x64
		{B8C9A9A4-BC80-49DB-8B24-BA9897A9A540}.Release|x86.ActiveCfg = Release|Win32
		{B8C9A9A4-BC80-49DB-8B24-BA9897A9A540}.Release|x86.Build.0 = Release|Win32
		{54A3153A-FABF-4FD8-B9C6-6114FCD2A3F4}.Debug|x64.ActiveCfg = Debug|x64
		{54A3153A-FABF-4FD8-B9C6-6114FCD2A3F4}.Debug|x64.Build.0 = Debug|x64
		{54A3153A-FABF-4FD8-B9C6-6114FCD2A3F4}.Debug|x86.ActiveCfg = Debug|Win32
		{54A3153A-FABF-4FD8-B9C6-6114FCD2A3F4}.Debug|x86.Build.0 = Debug|Win32
		{54A3153A-FABF-4FD8-B9C6-6114FCD2A3F4}.Release|x64.ActiveCfg = Release|x64
		{54A3153A-FABF-4FD8-B9C6-6114FCD2A3F4}.Release|x64.Build.0 = Release|x64
		{54A3153A-FABF-4FD8-B9C6-6114FCD2A3F4}.Release|x86.ActiveCfg = Release|Win32
		{54A3153A-FABF-4FD8-B9C6-6114FCD2A3F4}.Release|x86.Build.0 = Release|Win32
		{2F977374-9E31-4F31-B78B-DEA7961B6FE5}.Debug|x64.ActiveCfg = Debug|x64
		{2F977374-9E31-4F31-B78B-DEA7961B6FE5}.Debug|x64.Build.0 = Debug|x64
		{2F977374-9E31-4F31-B78B-DEA7961B6FE5}.Debug|x86.ActiveCfg = Debug|Win32
		{2F977374-9E31-4F31-B78B-DEA7961B6FE5}.Debug|x86.Build.0 = Debug|Win32
		{2F977374-9E31-4F31-B78B-DEA7961B6FE5}.Release|x64.ActiveCfg = Release|x64
		{2F977374-9E31-4F31-B78B-DEA7961B6FE5}.Release|x64.Build.0 = Release|x64
		{2F977374-9E31-4F31-B78B-DEA7961B6FE5}.Release|x86.ActiveCfg = Release|Win32
		{2F977374-9E31-4F31-B78B-DEA7961B6FE5}.Release|x86.Build.0 = Release|Win32
	EndGlobalSection
	GlobalSection(SolutionProperties) = preSolution
		HideSolutionNode = FALSE
	EndGlobalSection
	GlobalSection(ExtensibilityGlobals) = postSolution
		SolutionGuid = {55A3253F-7AD7-4EFB-A091-D93F60AB5A7D}
	EndGlobalSection
EndGlobal
